{
  "name": "package-test",
  "version": "1.0.0",
  "lockfileVersion": 3,
  "requires": true,
  "packages": {
    "": {
      "name": "package-test",
      "version": "1.0.0",
      "license": "ISC",
      "dependencies": {
        "serverless-configure-lambda-logs": "file:.."
      }
    },
    "..": {
      "name": "serverless-configure-lambda-logs",
      "version": "1.0.0",
      "license": "MIT",
      "engines": {
        "node": ">=12.0.0"
      },
      "peerDependencies": {
        "serverless": "3.x"
      }
    },
    "node_modules/serverless-configure-lambda-logs": {
      "resolved": "..",
      "link": true
    }
  }
}
